
Microsoft Visual Studio Solution File, Format Version 12.00
# Visual Studio Version 17
VisualStudioVersion = 17.11.35327.3
MinimumVisualStudioVersion = 10.0.40219.1
Project("{8BC9CEB8-8B4A-11D0-8D11-00A0C91BC942}") = "lab_17.2", "lab_17.2\lab_17.2.vcxproj", "{E7426E24-6435-4191-B570-23B24481309C}"
EndProject
Global
	GlobalSection(SolutionConfigurationPlatforms) = preSolution
		Debug|x64 = Debug|x64
		Debug|x86 = Debug|x86
		Release|x64 = Release|x64
		Release|x86 = Release|x86
	EndGlobalSection
	GlobalSection(ProjectConfigurationPlatforms) = postSolution
		{E7426E24-6435-4191-B570-23B24481309C}.Debug|x64.ActiveCfg = Debug|x64
		{E7426E24-6435-4191-B570-23B24481309C}.Debug|x64.Build.0 = Debug|x64
		{E7426E24-6435-4191-B570-23B24481309C}.Debug|x86.ActiveCfg = Debug|Win32
		{E7426E24-6435-4191-B570-23B24481309C}.Debug|x86.Build.0 = Debug|Win32
		{E7426E24-6435-4191-B570-23B24481309C}.Release|x64.ActiveCfg = Release|x64
		{E7426E24-6435-4191-B570-23B24481309C}.Release|x64.Build.0 = Release|x64
		{E7426E24-6435-4191-B570-23B24481309C}.Release|x86.ActiveCfg = Release|Win32
		{E7426E24-6435-4191-B570-23B24481309C}.Release|x86.Build.0 = Release|Win32
	EndGlobalSection
	GlobalSection(SolutionProperties) = preSolution
		HideSolutionNode = FALSE
	EndGlobalSection
	GlobalSection(ExtensibilityGlobals) = postSolution
		SolutionGuid = {7DC5F041-55F7-4D5F-8BC8-90458CFF061A}
	EndGlobalSection
EndGlobal
