
Microsoft Visual Studio Solution File, Format Version 12.00
# Visual Studio Version 17
VisualStudioVersion = 17.9.34902.65
MinimumVisualStudioVersion = 10.0.40219.1
Project("{8BC9CEB8-8B4A-11D0-8D11-00A0C91BC942}") = "lab_2", "lab_2\lab_2.vcxproj", "{F2B8320E-B675-43E1-9B5E-0F07E452B5DB}"
EndProject
Global
	GlobalSection(SolutionConfigurationPlatforms) = preSolution
		Debug|x64 = Debug|x64
		Debug|x86 = Debug|x86
		Release|x64 = Release|x64
		Release|x86 = Release|x86
	EndGlobalSection
	GlobalSection(ProjectConfigurationPlatforms) = postSolution
		{F2B8320E-B675-43E1-9B5E-0F07E452B5DB}.Debug|x64.ActiveCfg = Debug|x64
		{F2B8320E-B675-43E1-9B5E-0F07E452B5DB}.Debug|x64.Build.0 = Debug|x64
		{F2B8320E-B675-43E1-9B5E-0F07E452B5DB}.Debug|x86.ActiveCfg = Debug|Win32
		{F2B8320E-B675-43E1-9B5E-0F07E452B5DB}.Debug|x86.Build.0 = Debug|Win32
		{F2B8320E-B675-43E1-9B5E-0F07E452B5DB}.Release|x64.ActiveCfg = Release|x64
		{F2B8320E-B675-43E1-9B5E-0F07E452B5DB}.Release|x64.Build.0 = Release|x64
		{F2B8320E-B675-43E1-9B5E-0F07E452B5DB}.Release|x86.ActiveCfg = Release|Win32
		{F2B8320E-B675-43E1-9B5E-0F07E452B5DB}.Release|x86.Build.0 = Release|Win32
	EndGlobalSection
	GlobalSection(SolutionProperties) = preSolution
		HideSolutionNode = FALSE
	EndGlobalSection
	GlobalSection(ExtensibilityGlobals) = postSolution
		SolutionGuid = {378633DF-5CC0-4BBA-8B2E-659280F65930}
	EndGlobalSection
EndGlobal
