
Microsoft Visual Studio Solution File, Format Version 12.00
# Visual Studio Version 17
VisualStudioVersion = 17.11.35327.3
MinimumVisualStudioVersion = 10.0.40219.1
Project("{8BC9CEB8-8B4A-11D0-8D11-00A0C91BC942}") = "lab2_asm", "lab2_asm\lab2_asm.vcxproj", "{11919921-A376-4D0A-A936-B6147D16FB9D}"
EndProject
Global
	GlobalSection(SolutionConfigurationPlatforms) = preSolution
		Debug|x64 = Debug|x64
		Debug|x86 = Debug|x86
		Release|x64 = Release|x64
		Release|x86 = Release|x86
	EndGlobalSection
	GlobalSection(ProjectConfigurationPlatforms) = postSolution
		{11919921-A376-4D0A-A936-B6147D16FB9D}.Debug|x64.ActiveCfg = Debug|x64
		{11919921-A376-4D0A-A936-B6147D16FB9D}.Debug|x64.Build.0 = Debug|x64
		{11919921-A376-4D0A-A936-B6147D16FB9D}.Debug|x86.ActiveCfg = Debug|Win32
		{11919921-A376-4D0A-A936-B6147D16FB9D}.Debug|x86.Build.0 = Debug|Win32
		{11919921-A376-4D0A-A936-B6147D16FB9D}.Release|x64.ActiveCfg = Release|x64
		{11919921-A376-4D0A-A936-B6147D16FB9D}.Release|x64.Build.0 = Release|x64
		{11919921-A376-4D0A-A936-B6147D16FB9D}.Release|x86.ActiveCfg = Release|Win32
		{11919921-A376-4D0A-A936-B6147D16FB9D}.Release|x86.Build.0 = Release|Win32
	EndGlobalSection
	GlobalSection(SolutionProperties) = preSolution
		HideSolutionNode = FALSE
	EndGlobalSection
	GlobalSection(ExtensibilityGlobals) = postSolution
		SolutionGuid = {A8CFCF2C-EFD0-44D9-A750-153E3E5EBF6C}
	EndGlobalSection
EndGlobal
