
Microsoft Visual Studio Solution File, Format Version 12.00
# Visual Studio Version 17
VisualStudioVersion = 17.11.35327.3
MinimumVisualStudioVersion = 10.0.40219.1
Project("{FAE04EC0-301F-11D3-BF4B-00C04F79EFBC}") = "lab13", "lab13\lab13.csproj", "{5B8FF5D0-B431-4F25-AF2C-F412136F5599}"
EndProject
Global
	GlobalSection(SolutionConfigurationPlatforms) = preSolution
		Debug|Any CPU = Debug|Any CPU
		Release|Any CPU = Release|Any CPU
	EndGlobalSection
	GlobalSection(ProjectConfigurationPlatforms) = postSolution
		{5B8FF5D0-B431-4F25-AF2C-F412136F5599}.Debug|Any CPU.ActiveCfg = Debug|Any CPU
		{5B8FF5D0-B431-4F25-AF2C-F412136F5599}.Debug|Any CPU.Build.0 = Debug|Any CPU
		{5B8FF5D0-B431-4F25-AF2C-F412136F5599}.Release|Any CPU.ActiveCfg = Release|Any CPU
		{5B8FF5D0-B431-4F25-AF2C-F412136F5599}.Release|Any CPU.Build.0 = Release|Any CPU
	EndGlobalSection
	GlobalSection(SolutionProperties) = preSolution
		HideSolutionNode = FALSE
	EndGlobalSection
	GlobalSection(ExtensibilityGlobals) = postSolution
		SolutionGuid = {FA867437-0C1D-4200-8B81-C15F16490410}
	EndGlobalSection
EndGlobal
