
Microsoft Visual Studio Solution File, Format Version 12.00
# Visual Studio Version 17
VisualStudioVersion = 17.11.35327.3
MinimumVisualStudioVersion = 10.0.40219.1
Project("{8BC9CEB8-8B4A-11D0-8D11-00A0C91BC942}") = "lab3_asm", "lab3_asm\lab3_asm.vcxproj", "{4D98AC30-D131-4D37-8396-303C4B22077C}"
EndProject
Global
	GlobalSection(SolutionConfigurationPlatforms) = preSolution
		Debug|x64 = Debug|x64
		Debug|x86 = Debug|x86
		Release|x64 = Release|x64
		Release|x86 = Release|x86
	EndGlobalSection
	GlobalSection(ProjectConfigurationPlatforms) = postSolution
		{4D98AC30-D131-4D37-8396-303C4B22077C}.Debug|x64.ActiveCfg = Debug|x64
		{4D98AC30-D131-4D37-8396-303C4B22077C}.Debug|x64.Build.0 = Debug|x64
		{4D98AC30-D131-4D37-8396-303C4B22077C}.Debug|x86.ActiveCfg = Debug|Win32
		{4D98AC30-D131-4D37-8396-303C4B22077C}.Debug|x86.Build.0 = Debug|Win32
		{4D98AC30-D131-4D37-8396-303C4B22077C}.Release|x64.ActiveCfg = Release|x64
		{4D98AC30-D131-4D37-8396-303C4B22077C}.Release|x64.Build.0 = Release|x64
		{4D98AC30-D131-4D37-8396-303C4B22077C}.Release|x86.ActiveCfg = Release|Win32
		{4D98AC30-D131-4D37-8396-303C4B22077C}.Release|x86.Build.0 = Release|Win32
	EndGlobalSection
	GlobalSection(SolutionProperties) = preSolution
		HideSolutionNode = FALSE
	EndGlobalSection
	GlobalSection(ExtensibilityGlobals) = postSolution
		SolutionGuid = {C693C0D7-26DA-4426-84CE-BB0BB20AB59F}
	EndGlobalSection
EndGlobal
