
Microsoft Visual Studio Solution File, Format Version 12.00
# Visual Studio Version 17
VisualStudioVersion = 17.11.35327.3
MinimumVisualStudioVersion = 10.0.40219.1
Project("{8BC9CEB8-8B4A-11D0-8D11-00A0C91BC942}") = "lab_9", "lab_9\lab_9.vcxproj", "{DD0BC4C5-9370-4064-8442-42466B5F58EB}"
EndProject
Global
	GlobalSection(SolutionConfigurationPlatforms) = preSolution
		Debug|x64 = Debug|x64
		Debug|x86 = Debug|x86
		Release|x64 = Release|x64
		Release|x86 = Release|x86
	EndGlobalSection
	GlobalSection(ProjectConfigurationPlatforms) = postSolution
		{DD0BC4C5-9370-4064-8442-42466B5F58EB}.Debug|x64.ActiveCfg = Debug|x64
		{DD0BC4C5-9370-4064-8442-42466B5F58EB}.Debug|x64.Build.0 = Debug|x64
		{DD0BC4C5-9370-4064-8442-42466B5F58EB}.Debug|x86.ActiveCfg = Debug|Win32
		{DD0BC4C5-9370-4064-8442-42466B5F58EB}.Debug|x86.Build.0 = Debug|Win32
		{DD0BC4C5-9370-4064-8442-42466B5F58EB}.Release|x64.ActiveCfg = Release|x64
		{DD0BC4C5-9370-4064-8442-42466B5F58EB}.Release|x64.Build.0 = Release|x64
		{DD0BC4C5-9370-4064-8442-42466B5F58EB}.Release|x86.ActiveCfg = Release|Win32
		{DD0BC4C5-9370-4064-8442-42466B5F58EB}.Release|x86.Build.0 = Release|Win32
	EndGlobalSection
	GlobalSection(SolutionProperties) = preSolution
		HideSolutionNode = FALSE
	EndGlobalSection
	GlobalSection(ExtensibilityGlobals) = postSolution
		SolutionGuid = {F8C02A7E-0BAA-437B-8926-3A085386B7E4}
	EndGlobalSection
EndGlobal
